{
  "name": "cloudbase-adapter-tt_game",
  "lockfileVersion": 2,
  "requires": true,
  "packages": {
    "": {
      "dependencies": {
        "@cloudbase/adapter-interface": "^0.4.1",
        "@maoyan/cloudbase-adapter-tt_mp": "^0.1.1"
      }
    },
    "node_modules/@cloudbase/adapter-interface": {
      "version": "0.4.1",
      "resolved": "https://registry.npmjs.org/@cloudbase/adapter-interface/-/adapter-interface-0.4.1.tgz",
      "integrity": "sha512-DJBhBUMg6pYByaw4II7rawbW8nu+x+faZFIxIkWeTRSxboW/jS3NpBQ7kAbycEJVAB2DO77FsnaHKYAMLnvwzw=="
    },
    "node_modules/@maoyan/cloudbase-adapter-tt_mp": {
      "version": "0.1.1",
      "resolved": "https://registry.npmjs.org/@maoyan/cloudbase-adapter-tt_mp/-/cloudbase-adapter-tt_mp-0.1.1.tgz",
      "integrity": "sha512-PbBGuki/OLmcObVXdAjAfY/tjafGI1CmYqcQzloULQiGSyxrH5Qks3dWPGDYJ07RxN0gf08DsNVUI2EktB7H8g==",
      "dependencies": {
        "@cloudbase/adapter-interface": "^0.4.0"
      }
    }
  },
  "dependencies": {
    "@cloudbase/adapter-interface": {
      "version": "0.4.1",
      "resolved": "https://registry.npmjs.org/@cloudbase/adapter-interface/-/adapter-interface-0.4.1.tgz",
      "integrity": "sha512-DJBhBUMg6pYByaw4II7rawbW8nu+x+faZFIxIkWeTRSxboW/jS3NpBQ7kAbycEJVAB2DO77FsnaHKYAMLnvwzw=="
    },
    "@maoyan/cloudbase-adapter-tt_mp": {
      "version": "0.1.1",
      "resolved": "https://registry.npmjs.org/@maoyan/cloudbase-adapter-tt_mp/-/cloudbase-adapter-tt_mp-0.1.1.tgz",
      "integrity": "sha512-PbBGuki/OLmcObVXdAjAfY/tjafGI1CmYqcQzloULQiGSyxrH5Qks3dWPGDYJ07RxN0gf08DsNVUI2EktB7H8g==",
      "requires": {
        "@cloudbase/adapter-interface": "^0.4.0"
      }
    }
  }
}
